# Generated by pub
# See https://dart.dev/tools/pub/glossary#lockfile
packages:
  algolia:
    dependency: "direct main"
    description:
      name: algolia
      sha256: "7d51d72d92c4b14957f2732491c5e82a712cd9a645c7b6c0c92b7610eda30f41"
      url: "https://pub.dev"
    source: hosted
    version: "0.1.7"
  async:
    dependency: transitive
    description:
      name: async
      sha256: bfe67ef28df125b7dddcea62755991f807aa39a2492a23e1550161692950bbe0
      url: "https://pub.dev"
    source: hosted
    version: "2.10.0"
  awesome_dialog:
    dependency: "direct main"
    description:
      name: awesome_dialog
      sha256: a3f484e654465597c853d703f95b58cfc4bf38a99a10ab5ad1742d745e0732fe
      url: "https://pub.dev"
    source: hosted
    version: "1.2.0"
  badges:
    dependency: "direct main"
    description:
      name: badges
      sha256: "491e03045145fb517705d9f3c5890ffde4b9a6e471d110bb796066f20c7432f5"
      url: "https://pub.dev"
    source: hosted
    version: "1.1.1"
  boolean_selector:
    dependency: transitive
    description:
      name: boolean_selector
      sha256: "6cfb5af12253eaf2b368f07bacc5a80d1301a071c73360d746b7f2e32d762c66"
      url: "https://pub.dev"
    source: hosted
    version: "2.1.1"
  cached_network_image:
    dependency: "direct main"
    description:
      name: cached_network_image
      sha256: "4e9bd3fcbc7c5753f643487bc18902f05130068a3a7c02465a0bd708005d2702"
      url: "https://pub.dev"
    source: hosted
    version: "2.2.0+1"
  carousel_slider:
    dependency: "direct main"
    description:
      name: carousel_slider
      sha256: f2908de3b6b93b04db5187291800d9104bce6e7a734c817a23961e4304e69cb5
      url: "https://pub.dev"
    source: hosted
    version: "2.1.0"
  characters:
    dependency: transitive
    description:
      name: characters
      sha256: e6a326c8af69605aec75ed6c187d06b349707a27fbff8222ca9cc2cff167975c
      url: "https://pub.dev"
    source: hosted
    version: "1.2.1"
  charcode:
    dependency: transitive
    description:
      name: charcode
      sha256: "8e36feea6de5ea69f2199f29cf42a450a855738c498b57c0b980e2d3cca9c362"
      url: "https://pub.dev"
    source: hosted
    version: "1.2.0"
  clock:
    dependency: transitive
    description:
      name: clock
      sha256: cb6d7f03e1de671e34607e909a7213e31d7752be4fb66a86d29fe1eb14bfb5cf
      url: "https://pub.dev"
    source: hosted
    version: "1.1.1"
  cloud_firestore:
    dependency: "direct main"
    description:
      name: cloud_firestore
      sha256: "48776c8d9acaa2cf1cae362b42fe88d73bf3c9e54e005d8f51737cb50f79c77a"
      url: "https://pub.dev"
    source: hosted
    version: "0.13.6"
  cloud_firestore_platform_interface:
    dependency: transitive
    description:
      name: cloud_firestore_platform_interface
      sha256: fcee07afde6d92d3962de896f1eb84421da9f967acbf2ec7715e3856800a595e
      url: "https://pub.dev"
    source: hosted
    version: "1.1.2"
  cloud_firestore_web:
    dependency: transitive
    description:
      name: cloud_firestore_web
      sha256: "84f1cda13ea742dedd1e0bcee8217f5f8e43c5b16f700e3f600c8592ce5c8970"
      url: "https://pub.dev"
    source: hosted
    version: "0.1.1+2"
  collection:
    dependency: transitive
    description:
      name: collection
      sha256: cfc915e6923fe5ce6e153b0723c753045de46de1b4d63771530504004a45fae0
      url: "https://pub.dev"
    source: hosted
    version: "1.17.0"
  connectivity_wrapper:
    dependency: "direct main"
    description:
      name: connectivity_wrapper
      sha256: "0cce3dbcc03ff3e79bcae86fd87a5e8ae8f3b315c6a690f4abcfdf34981488de"
      url: "https://pub.dev"
    source: hosted
    version: "1.0.4"
  convert:
    dependency: transitive
    description:
      name: convert
      sha256: "3fa83bc417e26f1d55814443a603747d48e3cdf55b2f4fea27dea8e9224dcefd"
      url: "https://pub.dev"
    source: hosted
    version: "2.1.1"
  crypto:
    dependency: transitive
    description:
      name: crypto
      sha256: "9573b41053730155edbc2b883717c467648de3f1fe74171d62ca7b9c899014ec"
      url: "https://pub.dev"
    source: hosted
    version: "2.1.4"
  cupertino_icons:
    dependency: "direct main"
    description:
      name: cupertino_icons
      sha256: a937da4c006989739ceb4d10e3bd6cce64ca85d0fe287fc5b2b9f6ee757dcee6
      url: "https://pub.dev"
    source: hosted
    version: "0.1.3"
  fake_async:
    dependency: transitive
    description:
      name: fake_async
      sha256: "511392330127add0b769b75a987850d136345d9227c6b94c96a04cf4a391bf78"
      url: "https://pub.dev"
    source: hosted
    version: "1.3.1"
  file:
    dependency: transitive
    description:
      name: file
      sha256: "657a39c74f63d20c2118455e568b33ee31aa370f258c261888cae4e934371199"
      url: "https://pub.dev"
    source: hosted
    version: "5.1.0"
  firebase:
    dependency: transitive
    description:
      name: firebase
      sha256: "94020b2ffa27394120d98db3abd39f94ec28fdeb5038d97acfe2c5652a60cb35"
      url: "https://pub.dev"
    source: hosted
    version: "7.3.0"
  firebase_auth:
    dependency: "direct main"
    description:
      name: firebase_auth
      sha256: "23e157157f6c8acd89bd52fdbb110c73ee4d86fb2992c9c7c14ff08349a5ee3a"
      url: "https://pub.dev"
    source: hosted
    version: "0.16.1"
  firebase_auth_platform_interface:
    dependency: transitive
    description:
      name: firebase_auth_platform_interface
      sha256: c1c273ef477e22c566689141232493e65133de78cc1e349cee24894213413648
      url: "https://pub.dev"
    source: hosted
    version: "1.1.8"
  firebase_auth_web:
    dependency: transitive
    description:
      name: firebase_auth_web
      sha256: d166c721143f02579af275ff3bc4b1ed9047d382040c8a9450a36b3f679cfa31
      url: "https://pub.dev"
    source: hosted
    version: "0.1.3+1"
  firebase_core:
    dependency: transitive
    description:
      name: firebase_core
      sha256: d523a54af2fbce89ea63fd867c16c6d4aee8d9f220f0c8d0477d8458e882e1b4
      url: "https://pub.dev"
    source: hosted
    version: "0.4.5"
  firebase_core_platform_interface:
    dependency: transitive
    description:
      name: firebase_core_platform_interface
      sha256: fc3a2f1ea9d234ddc0fc2700cc943be09a4e332403491b1cf2f082a47b2e306b
      url: "https://pub.dev"
    source: hosted
    version: "1.0.4"
  firebase_core_web:
    dependency: transitive
    description:
      name: firebase_core_web
      sha256: "6306ab08d30b386e73d8af1d41f93bf59814f96850f527166f324125e600ea4c"
      url: "https://pub.dev"
    source: hosted
    version: "0.1.1+2"
  firebase_crashlytics:
    dependency: "direct main"
    description:
      name: firebase_crashlytics
      sha256: "9b23ed0d744696f9e406c83258b60545022314032125edfea49c0ac8cc1f49a0"
      url: "https://pub.dev"
    source: hosted
    version: "0.1.4+1"
  firebase_messaging:
    dependency: "direct main"
    description:
      name: firebase_messaging
      sha256: fe13b764ed420e2d8ebf4cf446298c88eee82399aebc3a99864b0efacc926450
      url: "https://pub.dev"
    source: hosted
    version: "6.0.16"
  firebase_storage:
    dependency: "direct main"
    description:
      name: firebase_storage
      sha256: "9e1a1dec1000beafc918579bd5acda01268ebfa415adda620774aae975b60d0d"
      url: "https://pub.dev"
    source: hosted
    version: "3.1.6"
  firebase_user_stream:
    dependency: "direct main"
    description:
      name: firebase_user_stream
      sha256: "57ed4bbec9aa8a6eb726f4ec998ef6c53471cfad6563cd634bf9a35fe0c97fa3"
      url: "https://pub.dev"
    source: hosted
    version: "1.0.0"
  flare_dart:
    dependency: transitive
    description:
      name: flare_dart
      sha256: "55a2cfa73b781c9399d515d23ba95821fb08e7aaaef9fc29c5752cc5e7be1fa8"
      url: "https://pub.dev"
    source: hosted
    version: "2.3.4"
  flare_flutter:
    dependency: transitive
    description:
      name: flare_flutter
      sha256: "08929d7fde576b9c319af34f7632815aed7dba30ae1d8c46cec642acec730994"
      url: "https://pub.dev"
    source: hosted
    version: "2.0.6"
  flutter:
    dependency: "direct main"
    description: flutter
    source: sdk
    version: "0.0.0"
  flutter_cache_manager:
    dependency: transitive
    description:
      name: flutter_cache_manager
      sha256: fe1e415753bf48ca0e7dc7b80f8d6fbfa47784a1b50de0def6ce57fe5fb0f4a4
      url: "https://pub.dev"
    source: hosted
    version: "1.4.0"
  flutter_datetime_picker:
    dependency: "direct main"
    description:
      name: flutter_datetime_picker
      sha256: "8e695c63c769350e541951227c2775190ec73ceda774a315b1dc9a99d5facfe5"
      url: "https://pub.dev"
    source: hosted
    version: "1.5.1"
  flutter_full_pdf_viewer:
    dependency: "direct main"
    description:
      name: flutter_full_pdf_viewer
      sha256: "829ae4f35cdc5cb917428f3675cd062af664d67944712d7c96772737494a0635"
      url: "https://pub.dev"
    source: hosted
    version: "1.0.6"
  flutter_keyboard_visibility:
    dependency: "direct main"
    description:
      name: flutter_keyboard_visibility
      sha256: a87cca5dfda46092749fe75c29ae1df57342bd8e1a8b26c643ff0b3b19da0104
      url: "https://pub.dev"
    source: hosted
    version: "3.2.1"
  flutter_onboard:
    dependency: "direct main"
    description:
      name: flutter_onboard
      sha256: "61af8f3accc46685856761894c3fc4e7b5ae05df6c05a5e53a8002b944c1d831"
      url: "https://pub.dev"
    source: hosted
    version: "0.1.0"
  flutter_svg:
    dependency: "direct main"
    description:
      name: flutter_svg
      sha256: "565738e46beb692622c0fad7419aabcc54d15693845049085948c76406da386f"
      url: "https://pub.dev"
    source: hosted
    version: "0.17.4"
  flutter_test:
    dependency: "direct dev"
    description: flutter
    source: sdk
    version: "0.0.0"
  flutter_web_plugins:
    dependency: transitive
    description: flutter
    source: sdk
    version: "0.0.0"
  fluttertoast:
    dependency: "direct main"
    description:
      name: fluttertoast
      sha256: "4482a1e10579061467e653a9cc2b095ed4162c9ba0b3c8ae70d944b82e6ef389"
      url: "https://pub.dev"
    source: hosted
    version: "7.0.2"
  get_it:
    dependency: "direct main"
    description:
      name: get_it
      sha256: "640ada5e0acf08a8417674fdc6cb1fa4be343f3449d83b7aefcf21a78062faa9"
      url: "https://pub.dev"
    source: hosted
    version: "4.0.4"
  google_fonts:
    dependency: "direct main"
    description:
      name: google_fonts
      sha256: "654053e055ad4c9719630cce32eff8611830ad3f215ea9e4bc0659b085753af7"
      url: "https://pub.dev"
    source: hosted
    version: "1.1.0"
  google_sign_in:
    dependency: "direct main"
    description:
      name: google_sign_in
      sha256: "2351712219828a0787cbbfc95069b5ac1fb5e17c8e08cea7a7ae1d5901084b50"
      url: "https://pub.dev"
    source: hosted
    version: "4.5.1"
  google_sign_in_platform_interface:
    dependency: transitive
    description:
      name: google_sign_in_platform_interface
      sha256: "165a7894a45c328c8dc92d0ad055da5786915e8f3616a80be50e1d84800ffd77"
      url: "https://pub.dev"
    source: hosted
    version: "1.1.2"
  google_sign_in_web:
    dependency: transitive
    description:
      name: google_sign_in_web
      sha256: "0915cae6b4565bf4deaec6f6f1b6eae6eeae46d6e125ac18a8385e790300c5ba"
      url: "https://pub.dev"
    source: hosted
    version: "0.9.1+1"
  http:
    dependency: transitive
    description:
      name: http
      sha256: e7e8bfbe0a53d654860a5220b879e28beb174e3b6cc5fcc743a84f8f90923e70
      url: "https://pub.dev"
    source: hosted
    version: "0.12.1"
  http_parser:
    dependency: transitive
    description:
      name: http_parser
      sha256: "9d2b0626e9e402fc98e6868360da8f256064d6c0b8e4c3edcca5e02fb0b95da9"
      url: "https://pub.dev"
    source: hosted
    version: "3.1.4"
  intl:
    dependency: "direct main"
    description:
      name: intl
      sha256: "4691515bb3f68ebbc4776bc97a84d429bb8e8c141a77b5ab988a4b02adb1747a"
      url: "https://pub.dev"
    source: hosted
    version: "0.16.1"
  js:
    dependency: transitive
    description:
      name: js
      sha256: "5528c2f391ededb7775ec1daa69e65a2d61276f7552de2b5f7b8d34ee9fd4ab7"
      url: "https://pub.dev"
    source: hosted
    version: "0.6.5"
  keyboard_avoider:
    dependency: "direct main"
    description:
      name: keyboard_avoider
      sha256: a6b5944d56b3c9e8594c2cd2a020ea2b76a1115d4946b8bee28c18446f28ac31
      url: "https://pub.dev"
    source: hosted
    version: "0.1.2"
  line_icons:
    dependency: "direct main"
    description:
      name: line_icons
      sha256: c5bc65b8040051d75d6a1c478bb05b6e8e3c3b4ab20a66aacdf93a2927061ffe
      url: "https://pub.dev"
    source: hosted
    version: "0.2.0"
  matcher:
    dependency: transitive
    description:
      name: matcher
      sha256: "16db949ceee371e9b99d22f88fa3a73c4e59fd0afed0bd25fc336eb76c198b72"
      url: "https://pub.dev"
    source: hosted
    version: "0.12.13"
  material_color_utilities:
    dependency: transitive
    description:
      name: material_color_utilities
      sha256: d92141dc6fe1dad30722f9aa826c7fbc896d021d792f80678280601aff8cf724
      url: "https://pub.dev"
    source: hosted
    version: "0.2.0"
  meta:
    dependency: transitive
    description:
      name: meta
      sha256: "6c268b42ed578a53088d834796959e4a1814b5e9e164f147f580a386e5decf42"
      url: "https://pub.dev"
    source: hosted
    version: "1.8.0"
  modal_bottom_sheet:
    dependency: "direct main"
    description:
      name: modal_bottom_sheet
      sha256: "9f4e6d178f753e97385abe43971c6b66f13d603c1492538641aa1a2cde0e4f16"
      url: "https://pub.dev"
    source: hosted
    version: "0.2.0+1"
  nested:
    dependency: transitive
    description:
      name: nested
      sha256: d3492747c400f5639b9d7d76a20d73b51581de20f8dab0d861d839e5a8aa6be5
      url: "https://pub.dev"
    source: hosted
    version: "0.0.4"
  package_info:
    dependency: "direct main"
    description:
      name: package_info
      sha256: afd69cb750d689875307cbad60b019cc567ac86f0d0d0a7ce294df643a069de6
      url: "https://pub.dev"
    source: hosted
    version: "0.4.1"
  path:
    dependency: transitive
    description:
      name: path
      sha256: db9d4f58c908a4ba5953fcee2ae317c94889433e5024c27ce74a37f94267945b
      url: "https://pub.dev"
    source: hosted
    version: "1.8.2"
  path_drawing:
    dependency: transitive
    description:
      name: path_drawing
      sha256: f084d82ffbbf8b6f7557987929032fd5b9a9f8e8dc0ab72036591f50389347db
      url: "https://pub.dev"
    source: hosted
    version: "0.4.1"
  path_parsing:
    dependency: transitive
    description:
      name: path_parsing
      sha256: "4e613c811d25f1533c0d05eb2755e21410247b8a13ac7f6cd23c0cecb2ff683d"
      url: "https://pub.dev"
    source: hosted
    version: "0.1.4"
  path_provider:
    dependency: transitive
    description:
      name: path_provider
      sha256: "6536e4b0deb2f117b85fda3c8d906d0e352834d2354549ac57a37c723ec17edf"
      url: "https://pub.dev"
    source: hosted
    version: "1.6.10"
  path_provider_linux:
    dependency: transitive
    description:
      name: path_provider_linux
      sha256: b9d28d930abb3cea4156e6fe3e0aa1f7683b2f022a4d8f9c8579ebcf49ddac9f
      url: "https://pub.dev"
    source: hosted
    version: "0.0.1+1"
  path_provider_macos:
    dependency: transitive
    description:
      name: path_provider_macos
      sha256: "9e31c23377e3e0d78deaf11e238944568f9c346f306f3591bd040d8fb947cfec"
      url: "https://pub.dev"
    source: hosted
    version: "0.0.4+3"
  path_provider_platform_interface:
    dependency: transitive
    description:
      name: path_provider_platform_interface
      sha256: f034a281145343268e0469af7ae61fedb182c862e06acab7a476f9e378f113d3
      url: "https://pub.dev"
    source: hosted
    version: "1.0.2"
  pedantic:
    dependency: transitive
    description:
      name: pedantic
      sha256: bd877013a0ee53cd774e7b7f3ec1fbd44c94704ff36177f2f20e287228cbe2a2
      url: "https://pub.dev"
    source: hosted
    version: "1.9.0"
  petitparser:
    dependency: transitive
    description:
      name: petitparser
      sha256: "4525e4341c9aabc4023700abff9b2e26f969dff9476ddf8f40de63ee5748acab"
      url: "https://pub.dev"
    source: hosted
    version: "2.4.0"
  platform:
    dependency: transitive
    description:
      name: platform
      sha256: "2d03e4330ae22fc7fc0dd38c1fc6d0a9dc7ff10d7deea6dbb2583f7e5c053453"
      url: "https://pub.dev"
    source: hosted
    version: "2.2.1"
  platform_detect:
    dependency: transitive
    description:
      name: platform_detect
      sha256: aab1dd0e19af823c0bbfc2d0f364e33abc52bd13be27711fea98bade0fe35213
      url: "https://pub.dev"
    source: hosted
    version: "1.4.0"
  plugin_platform_interface:
    dependency: transitive
    description:
      name: plugin_platform_interface
      sha256: "3c3d17d0012f7388b8beb79a4517cd2f25b66aa09f9f99f9adcaada6ea6f46f1"
      url: "https://pub.dev"
    source: hosted
    version: "1.0.2"
  process:
    dependency: transitive
    description:
      name: process
      sha256: "6ae4895f82db61b3011d9a32517bc9f604c28833cfc765e63dbf134758f6290c"
      url: "https://pub.dev"
    source: hosted
    version: "3.0.13"
  provider:
    dependency: "direct main"
    description:
      name: provider
      sha256: af58e866ea76fa7d156ea5e6ffa1c28b52dabff5c87fbdf265f7c6adaa7a741d
      url: "https://pub.dev"
    source: hosted
    version: "4.3.3"
  pub_semver:
    dependency: transitive
    description:
      name: pub_semver
      sha256: "3c51ec0aaeccb85cacfe824816c60e1e3c53da586c64e1166422a906a4f7251c"
      url: "https://pub.dev"
    source: hosted
    version: "1.4.4"
  quiver:
    dependency: transitive
    description:
      name: quiver
      sha256: "16169b1cc79f01d9c47fe05b5670b87cbf7f5cfc77757369f245c36a6ae2b290"
      url: "https://pub.dev"
    source: hosted
    version: "2.1.3"
  rxdart:
    dependency: "direct main"
    description:
      name: rxdart
      sha256: "09b328f6683c6c35e72739cec570db7ace18e5af947ea5781938a2ea0f1f1a2e"
      url: "https://pub.dev"
    source: hosted
    version: "0.24.0"
  sa_anicoto:
    dependency: transitive
    description:
      name: sa_anicoto
      sha256: "7ff3c90befba48ee73f2c522c9d0336322402201e19ee7b403a0716ec3c9b1d6"
      url: "https://pub.dev"
    source: hosted
    version: "1.0.3"
  sa_multi_tween:
    dependency: transitive
    description:
      name: sa_multi_tween
      sha256: da94083dc2aa8baa5f390dde75d80741a1dbdc353ca2ca86313c390fe08aaecb
      url: "https://pub.dev"
    source: hosted
    version: "1.1.2"
  sa_stateless_animation:
    dependency: transitive
    description:
      name: sa_stateless_animation
      sha256: "5233928b8d04406b10005c51b5e95c3cd35c4ad8c6426e950c4a5d35fbdc1053"
      url: "https://pub.dev"
    source: hosted
    version: "1.0.3"
  sa_v1_migration:
    dependency: transitive
    description:
      name: sa_v1_migration
      sha256: "6577cbb7d8842347360a7c805ebee91b3248d5887d20f883bbedff5047cddc10"
      url: "https://pub.dev"
    source: hosted
    version: "1.1.2"
  shared_preferences:
    dependency: "direct main"
    description:
      name: shared_preferences
      sha256: "73911e06d5585faad66489830c9188f9e22b1b8450d64327f0870c52a00803cf"
      url: "https://pub.dev"
    source: hosted
    version: "0.5.7"
  shared_preferences_macos:
    dependency: transitive
    description:
      name: shared_preferences_macos
      sha256: "50694fe595f57009c7129b14eb21339c60987188f52538ea2b643fced7a533f2"
      url: "https://pub.dev"
    source: hosted
    version: "0.0.1+9"
  shared_preferences_platform_interface:
    dependency: transitive
    description:
      name: shared_preferences_platform_interface
      sha256: "10958ff09d5b0caaf199fdc436b3433cb9f7491e5f71e4b3d98b451edfee34f4"
      url: "https://pub.dev"
    source: hosted
    version: "1.0.4"
  shared_preferences_web:
    dependency: transitive
    description:
      name: shared_preferences_web
      sha256: "345b8f659aa4aedaabc3665a63f563c62b08dc209dd23304bc155d69ebcd388d"
      url: "https://pub.dev"
    source: hosted
    version: "0.1.2+7"
  shimmer:
    dependency: "direct main"
    description:
      name: shimmer
      sha256: d0c19af1ff5ddf8003a0db5fb437866d0ec6191f9eb167e1b349d426501a7dca
      url: "https://pub.dev"
    source: hosted
    version: "1.1.1"
  simple_animations:
    dependency: transitive
    description:
      name: simple_animations
      sha256: "3a75a77cbce520193d5633bca5cf1a0e3f5481cdf4c2d01bcb4076d93d7ca5a2"
      url: "https://pub.dev"
    source: hosted
    version: "2.2.2"
  sky_engine:
    dependency: transitive
    description: flutter
    source: sdk
    version: "0.0.99"
  source_span:
    dependency: transitive
    description:
      name: source_span
      sha256: dd904f795d4b4f3b870833847c461801f6750a9fa8e61ea5ac53f9422b31f250
      url: "https://pub.dev"
    source: hosted
    version: "1.9.1"
  sqflite:
    dependency: transitive
    description:
      name: sqflite
      sha256: "74a103f5573994daa12a553fb53304cfe6af0e1e2a3a73cc73b89baac531b8ea"
      url: "https://pub.dev"
    source: hosted
    version: "1.3.0+2"
  sqflite_common:
    dependency: transitive
    description:
      name: sqflite_common
      sha256: "33f26b039c058cd0316ec45c832cc535b9818a64a6c67f0ebf91e2499de61302"
      url: "https://pub.dev"
    source: hosted
    version: "1.0.1"
  stack_trace:
    dependency: transitive
    description:
      name: stack_trace
      sha256: c3c7d8edb15bee7f0f74debd4b9c5f3c2ea86766fe4178eb2a18eb30a0bdaed5
      url: "https://pub.dev"
    source: hosted
    version: "1.11.0"
  stream_channel:
    dependency: transitive
    description:
      name: stream_channel
      sha256: "83615bee9045c1d322bbbd1ba209b7a749c2cbcdcb3fdd1df8eb488b3279c1c8"
      url: "https://pub.dev"
    source: hosted
    version: "2.1.1"
  string_scanner:
    dependency: transitive
    description:
      name: string_scanner
      sha256: "556692adab6cfa87322a115640c11f13cb77b3f076ddcc5d6ae3c20242bedcde"
      url: "https://pub.dev"
    source: hosted
    version: "1.2.0"
  supercharged:
    dependency: transitive
    description:
      name: supercharged
      sha256: dd8ac3484d64451f99a1d7b8f9e2a566e69f3a4d073f002ad617d82103a8afb9
      url: "https://pub.dev"
    source: hosted
    version: "1.10.0"
  supercharged_dart:
    dependency: transitive
    description:
      name: supercharged_dart
      sha256: d4bb44a056618b0062b8b5e241c141f759220e534abc68c49f9284cfde957d51
      url: "https://pub.dev"
    source: hosted
    version: "1.2.0"
  synchronized:
    dependency: transitive
    description:
      name: synchronized
      sha256: "3aec6b8760ed0b7e571575d1a98c5589f1dab70561a6db248846b47e89ba759c"
      url: "https://pub.dev"
    source: hosted
    version: "2.2.0"
  term_glyph:
    dependency: transitive
    description:
      name: term_glyph
      sha256: a29248a84fbb7c79282b40b8c72a1209db169a2e0542bce341da992fe1bc7e84
      url: "https://pub.dev"
    source: hosted
    version: "1.2.1"
  test_api:
    dependency: transitive
    description:
      name: test_api
      sha256: ad540f65f92caa91bf21dfc8ffb8c589d6e4dc0c2267818b4cc2792857706206
      url: "https://pub.dev"
    source: hosted
    version: "0.4.16"
  typed_data:
    dependency: transitive
    description:
      name: typed_data
      sha256: "53bdf7e979cfbf3e28987552fd72f637e63f3c8724c9e56d9246942dc2fa36ee"
      url: "https://pub.dev"
    source: hosted
    version: "1.3.0"
  url_launcher:
    dependency: "direct main"
    description:
      name: url_launcher
      sha256: dc36425942e99232d467361fd2bcce5b4dd411fc5eb51b453f1b97422680e243
      url: "https://pub.dev"
    source: hosted
    version: "5.5.0"
  url_launcher_linux:
    dependency: transitive
    description:
      name: url_launcher_linux
      sha256: e9291e8d1df9500c088bc35ee2bbaf8e76da005b696783195e5a0d163408b8f5
      url: "https://pub.dev"
    source: hosted
    version: "0.0.1+1"
  url_launcher_macos:
    dependency: transitive
    description:
      name: url_launcher_macos
      sha256: e7955de2fb835568361c7133df5893c3c616879958eabe2db096fca59d44a717
      url: "https://pub.dev"
    source: hosted
    version: "0.0.1+7"
  url_launcher_platform_interface:
    dependency: transitive
    description:
      name: url_launcher_platform_interface
      sha256: ebac9b81d27ff4dc771ee6e3f82a91012268fe988a0c3c1d542f7489aad27a3b
      url: "https://pub.dev"
    source: hosted
    version: "1.0.7"
  url_launcher_web:
    dependency: transitive
    description:
      name: url_launcher_web
      sha256: "09a6f9e108e9315d4406e8297ea73b933a6ae80f6492878fe3b8424feae7eeef"
      url: "https://pub.dev"
    source: hosted
    version: "0.1.2"
  uuid:
    dependency: transitive
    description:
      name: uuid
      sha256: "4c4896fe3a875c35334c6ef9b7647ee9ee7b41032397a904fb3a35cbe677d56e"
      url: "https://pub.dev"
    source: hosted
    version: "2.0.4"
  vector_math:
    dependency: transitive
    description:
      name: vector_math
      sha256: "80b3257d1492ce4d091729e3a67a60407d227c27241d6927be0130c98e741803"
      url: "https://pub.dev"
    source: hosted
    version: "2.1.4"
  webview_flutter:
    dependency: "direct main"
    description:
      name: webview_flutter
      sha256: "055385927555b78567a7a2850092fc7a42e153b7bc9e45a1db7c501cdc17bcf8"
      url: "https://pub.dev"
    source: hosted
    version: "0.3.22+1"
  xdg_directories:
    dependency: transitive
    description:
      name: xdg_directories
      sha256: "3194513f8795cf8924dfa4caa7fc8470d0685c680e1170ddba1c09608078c434"
      url: "https://pub.dev"
    source: hosted
    version: "0.1.0"
  xml:
    dependency: transitive
    description:
      name: xml
      sha256: "8501c1516b03e10ea0adb38531188e0d2817a58f734b1c1f579f4db5465e1b6b"
      url: "https://pub.dev"
    source: hosted
    version: "3.6.1"
sdks:
  dart: ">=2.18.0 <3.0.0"
  flutter: ">=1.22.6"
